
Microsoft Visual Studio Solution File, Format Version 12.00
# Visual Studio Version 17
VisualStudioVersion = 17.9.34728.123
MinimumVisualStudioVersion = 10.0.40219.1
Project("{FAE04EC0-301F-11D3-BF4B-00C04F79EFBC}") = "ReferenceSample", "ReferenceSample\ReferenceSample.csproj", "{F8C0D83E-4AB0-48E8-921B-9213538169ED}"
EndProject
Project("{FAE04EC0-301F-11D3-BF4B-00C04F79EFBC}") = "DataRecorderSample", "DataRecorderSample\DataRecorderSample.csproj", "{046AB13B-9374-40FF-BBB8-8CEBA4C20459}"
EndProject
Project("{FAE04EC0-301F-11D3-BF4B-00C04F79EFBC}") = "TrajectorySample", "TrajectorySample\TrajectorySample.csproj", "{C1C74D12-6DC7-450E-BA2D-727F3CB74277}"
EndProject
Project("{FAE04EC0-301F-11D3-BF4B-00C04F79EFBC}") = "WaveGeneratorSample", "WaveGeneratorSample\WaveGeneratorSample.csproj", "{5F2DF748-7690-4442-B36F-B443BE0EB589}"
EndProject
Project("{FAE04EC0-301F-11D3-BF4B-00C04F79EFBC}") = "MoveSample", "MoveSample\MoveSample.csproj", "{4377D883-34E5-45D8-A586-A7198FBF487F}"
EndProject
Project("{FAE04EC0-301F-11D3-BF4B-00C04F79EFBC}") = "TwoAxesSample", "TwoAxesSample\TwoAxesSample.csproj", "{47CA5FD2-71B4-4815-9710-463D47AA78EF}"
EndProject
Project("{FAE04EC0-301F-11D3-BF4B-00C04F79EFBC}") = "ReferenceWithEAXSample", "ReferenceWithEAXSample\ReferenceWithEAXSample.csproj", "{33573A39-BDF4-42C8-90A0-C534E70A50BE}"
EndProject
Project("{FAE04EC0-301F-11D3-BF4B-00C04F79EFBC}") = "AutoZeroSample", "AutoZeroSample\AutoZeroSample.csproj", "{B4FC7C7F-0D78-4877-B77A-722F61B908FA}"
EndProject
Project("{FAE04EC0-301F-11D3-BF4B-00C04F79EFBC}") = "StaticLoadSample", "StaticLoadSample\StaticLoadSample.csproj", "{A647E57A-5CE2-4F23-B91F-CE86D1D2C6C5}"
EndProject
Project("{FAE04EC0-301F-11D3-BF4B-00C04F79EFBC}") = "DaisyChainSample", "DaisyChainSample\DaisyChainSample.csproj", "{D7B91B67-D570-4C65-9BED-AF18B9315287}"
EndProject
Project("{FAE04EC0-301F-11D3-BF4B-00C04F79EFBC}") = "ReadCommandSample", "ReadCommandSample\ReadCommandSample.csproj", "{984F08F1-49D2-438C-82ED-936823804ECA}"
EndProject
Global
	GlobalSection(SolutionConfigurationPlatforms) = preSolution
		Debug|Any CPU = Debug|Any CPU
		Debug|x64 = Debug|x64
		Debug|x86 = Debug|x86
		Release|Any CPU = Release|Any CPU
		Release|x64 = Release|x64
		Release|x86 = Release|x86
	EndGlobalSection
	GlobalSection(ProjectConfigurationPlatforms) = postSolution
		{F8C0D83E-4AB0-48E8-921B-9213538169ED}.Debug|Any CPU.ActiveCfg = Debug|x64
		{F8C0D83E-4AB0-48E8-921B-9213538169ED}.Debug|Any CPU.Build.0 = Debug|x64
		{F8C0D83E-4AB0-48E8-921B-9213538169ED}.Debug|x64.ActiveCfg = Debug|x64
		{F8C0D83E-4AB0-48E8-921B-9213538169ED}.Debug|x64.Build.0 = Debug|x64
		{F8C0D83E-4AB0-48E8-921B-9213538169ED}.Debug|x86.ActiveCfg = Debug|x86
		{F8C0D83E-4AB0-48E8-921B-9213538169ED}.Debug|x86.Build.0 = Debug|x86
		{F8C0D83E-4AB0-48E8-921B-9213538169ED}.Release|Any CPU.ActiveCfg = Release|x64
		{F8C0D83E-4AB0-48E8-921B-9213538169ED}.Release|Any CPU.Build.0 = Release|x64
		{F8C0D83E-4AB0-48E8-921B-9213538169ED}.Release|x64.ActiveCfg = Release|x64
		{F8C0D83E-4AB0-48E8-921B-9213538169ED}.Release|x64.Build.0 = Release|x64
		{F8C0D83E-4AB0-48E8-921B-9213538169ED}.Release|x86.ActiveCfg = Release|x86
		{F8C0D83E-4AB0-48E8-921B-9213538169ED}.Release|x86.Build.0 = Release|x86
		{046AB13B-9374-40FF-BBB8-8CEBA4C20459}.Debug|Any CPU.ActiveCfg = Debug|x64
		{046AB13B-9374-40FF-BBB8-8CEBA4C20459}.Debug|Any CPU.Build.0 = Debug|x64
		{046AB13B-9374-40FF-BBB8-8CEBA4C20459}.Debug|x64.ActiveCfg = Debug|x64
		{046AB13B-9374-40FF-BBB8-8CEBA4C20459}.Debug|x64.Build.0 = Debug|x64
		{046AB13B-9374-40FF-BBB8-8CEBA4C20459}.Debug|x86.ActiveCfg = Debug|x86
		{046AB13B-9374-40FF-BBB8-8CEBA4C20459}.Debug|x86.Build.0 = Debug|x86
		{046AB13B-9374-40FF-BBB8-8CEBA4C20459}.Release|Any CPU.ActiveCfg = Release|x64
		{046AB13B-9374-40FF-BBB8-8CEBA4C20459}.Release|Any CPU.Build.0 = Release|x64
		{046AB13B-9374-40FF-BBB8-8CEBA4C20459}.Release|x64.ActiveCfg = Release|x64
		{046AB13B-9374-40FF-BBB8-8CEBA4C20459}.Release|x64.Build.0 = Release|x64
		{046AB13B-9374-40FF-BBB8-8CEBA4C20459}.Release|x86.ActiveCfg = Release|x86
		{046AB13B-9374-40FF-BBB8-8CEBA4C20459}.Release|x86.Build.0 = Release|x86
		{C1C74D12-6DC7-450E-BA2D-727F3CB74277}.Debug|Any CPU.ActiveCfg = Debug|x64
		{C1C74D12-6DC7-450E-BA2D-727F3CB74277}.Debug|Any CPU.Build.0 = Debug|x64
		{C1C74D12-6DC7-450E-BA2D-727F3CB74277}.Debug|x64.ActiveCfg = Debug|x64
		{C1C74D12-6DC7-450E-BA2D-727F3CB74277}.Debug|x64.Build.0 = Debug|x64
		{C1C74D12-6DC7-450E-BA2D-727F3CB74277}.Debug|x86.ActiveCfg = Debug|x86
		{C1C74D12-6DC7-450E-BA2D-727F3CB74277}.Debug|x86.Build.0 = Debug|x86
		{C1C74D12-6DC7-450E-BA2D-727F3CB74277}.Release|Any CPU.ActiveCfg = Release|x64
		{C1C74D12-6DC7-450E-BA2D-727F3CB74277}.Release|Any CPU.Build.0 = Release|x64
		{C1C74D12-6DC7-450E-BA2D-727F3CB74277}.Release|x64.ActiveCfg = Release|x64
		{C1C74D12-6DC7-450E-BA2D-727F3CB74277}.Release|x64.Build.0 = Release|x64
		{C1C74D12-6DC7-450E-BA2D-727F3CB74277}.Release|x86.ActiveCfg = Release|x86
		{C1C74D12-6DC7-450E-BA2D-727F3CB74277}.Release|x86.Build.0 = Release|x86
		{5F2DF748-7690-4442-B36F-B443BE0EB589}.Debug|Any CPU.ActiveCfg = Debug|x64
		{5F2DF748-7690-4442-B36F-B443BE0EB589}.Debug|Any CPU.Build.0 = Debug|x64
		{5F2DF748-7690-4442-B36F-B443BE0EB589}.Debug|x64.ActiveCfg = Debug|x64
		{5F2DF748-7690-4442-B36F-B443BE0EB589}.Debug|x64.Build.0 = Debug|x64
		{5F2DF748-7690-4442-B36F-B443BE0EB589}.Debug|x86.ActiveCfg = Debug|x86
		{5F2DF748-7690-4442-B36F-B443BE0EB589}.Debug|x86.Build.0 = Debug|x86
		{5F2DF748-7690-4442-B36F-B443BE0EB589}.Release|Any CPU.ActiveCfg = Release|x64
		{5F2DF748-7690-4442-B36F-B443BE0EB589}.Release|Any CPU.Build.0 = Release|x64
		{5F2DF748-7690-4442-B36F-B443BE0EB589}.Release|x64.ActiveCfg = Release|x64
		{5F2DF748-7690-4442-B36F-B443BE0EB589}.Release|x64.Build.0 = Release|x64
		{5F2DF748-7690-4442-B36F-B443BE0EB589}.Release|x86.ActiveCfg = Release|x86
		{5F2DF748-7690-4442-B36F-B443BE0EB589}.Release|x86.Build.0 = Release|x86
		{4377D883-34E5-45D8-A586-A7198FBF487F}.Debug|Any CPU.ActiveCfg = Debug|x64
		{4377D883-34E5-45D8-A586-A7198FBF487F}.Debug|Any CPU.Build.0 = Debug|x64
		{4377D883-34E5-45D8-A586-A7198FBF487F}.Debug|x64.ActiveCfg = Debug|x64
		{4377D883-34E5-45D8-A586-A7198FBF487F}.Debug|x64.Build.0 = Debug|x64
		{4377D883-34E5-45D8-A586-A7198FBF487F}.Debug|x86.ActiveCfg = Debug|x86
		{4377D883-34E5-45D8-A586-A7198FBF487F}.Debug|x86.Build.0 = Debug|x86
		{4377D883-34E5-45D8-A586-A7198FBF487F}.Release|Any CPU.ActiveCfg = Release|x64
		{4377D883-34E5-45D8-A586-A7198FBF487F}.Release|Any CPU.Build.0 = Release|x64
		{4377D883-34E5-45D8-A586-A7198FBF487F}.Release|x64.ActiveCfg = Release|x64
		{4377D883-34E5-45D8-A586-A7198FBF487F}.Release|x64.Build.0 = Release|x64
		{4377D883-34E5-45D8-A586-A7198FBF487F}.Release|x86.ActiveCfg = Release|x86
		{4377D883-34E5-45D8-A586-A7198FBF487F}.Release|x86.Build.0 = Release|x86
		{47CA5FD2-71B4-4815-9710-463D47AA78EF}.Debug|Any CPU.ActiveCfg = Debug|x64
		{47CA5FD2-71B4-4815-9710-463D47AA78EF}.Debug|Any CPU.Build.0 = Debug|x64
		{47CA5FD2-71B4-4815-9710-463D47AA78EF}.Debug|x64.ActiveCfg = Debug|x64
		{47CA5FD2-71B4-4815-9710-463D47AA78EF}.Debug|x64.Build.0 = Debug|x64
		{47CA5FD2-71B4-4815-9710-463D47AA78EF}.Debug|x86.ActiveCfg = Debug|x86
		{47CA5FD2-71B4-4815-9710-463D47AA78EF}.Debug|x86.Build.0 = Debug|x86
		{47CA5FD2-71B4-4815-9710-463D47AA78EF}.Release|Any CPU.ActiveCfg = Release|x64
		{47CA5FD2-71B4-4815-9710-463D47AA78EF}.Release|Any CPU.Build.0 = Release|x64
		{47CA5FD2-71B4-4815-9710-463D47AA78EF}.Release|x64.ActiveCfg = Release|x64
		{47CA5FD2-71B4-4815-9710-463D47AA78EF}.Release|x64.Build.0 = Release|x64
		{47CA5FD2-71B4-4815-9710-463D47AA78EF}.Release|x86.ActiveCfg = Release|x86
		{47CA5FD2-71B4-4815-9710-463D47AA78EF}.Release|x86.Build.0 = Release|x86
		{33573A39-BDF4-42C8-90A0-C534E70A50BE}.Debug|Any CPU.ActiveCfg = Debug|x64
		{33573A39-BDF4-42C8-90A0-C534E70A50BE}.Debug|Any CPU.Build.0 = Debug|x64
		{33573A39-BDF4-42C8-90A0-C534E70A50BE}.Debug|x64.ActiveCfg = Debug|x64
		{33573A39-BDF4-42C8-90A0-C534E70A50BE}.Debug|x64.Build.0 = Debug|x64
		{33573A39-BDF4-42C8-90A0-C534E70A50BE}.Debug|x86.ActiveCfg = Debug|x86
		{33573A39-BDF4-42C8-90A0-C534E70A50BE}.Debug|x86.Build.0 = Debug|x86
		{33573A39-BDF4-42C8-90A0-C534E70A50BE}.Release|Any CPU.ActiveCfg = Release|x64
		{33573A39-BDF4-42C8-90A0-C534E70A50BE}.Release|Any CPU.Build.0 = Release|x64
		{33573A39-BDF4-42C8-90A0-C534E70A50BE}.Release|x64.ActiveCfg = Release|x64
		{33573A39-BDF4-42C8-90A0-C534E70A50BE}.Release|x64.Build.0 = Release|x64
		{33573A39-BDF4-42C8-90A0-C534E70A50BE}.Release|x86.ActiveCfg = Release|x86
		{33573A39-BDF4-42C8-90A0-C534E70A50BE}.Release|x86.Build.0 = Release|x86
		{B4FC7C7F-0D78-4877-B77A-722F61B908FA}.Debug|Any CPU.ActiveCfg = Debug|x64
		{B4FC7C7F-0D78-4877-B77A-722F61B908FA}.Debug|Any CPU.Build.0 = Debug|x64
		{B4FC7C7F-0D78-4877-B77A-722F61B908FA}.Debug|x64.ActiveCfg = Debug|x64
		{B4FC7C7F-0D78-4877-B77A-722F61B908FA}.Debug|x64.Build.0 = Debug|x64
		{B4FC7C7F-0D78-4877-B77A-722F61B908FA}.Debug|x86.ActiveCfg = Debug|x86
		{B4FC7C7F-0D78-4877-B77A-722F61B908FA}.Debug|x86.Build.0 = Debug|x86
		{B4FC7C7F-0D78-4877-B77A-722F61B908FA}.Release|Any CPU.ActiveCfg = Release|x64
		{B4FC7C7F-0D78-4877-B77A-722F61B908FA}.Release|Any CPU.Build.0 = Release|x64
		{B4FC7C7F-0D78-4877-B77A-722F61B908FA}.Release|x64.ActiveCfg = Release|x64
		{B4FC7C7F-0D78-4877-B77A-722F61B908FA}.Release|x64.Build.0 = Release|x64
		{B4FC7C7F-0D78-4877-B77A-722F61B908FA}.Release|x86.ActiveCfg = Release|x86
		{B4FC7C7F-0D78-4877-B77A-722F61B908FA}.Release|x86.Build.0 = Release|x86
		{A647E57A-5CE2-4F23-B91F-CE86D1D2C6C5}.Debug|Any CPU.ActiveCfg = Debug|x64
		{A647E57A-5CE2-4F23-B91F-CE86D1D2C6C5}.Debug|Any CPU.Build.0 = Debug|x64
		{A647E57A-5CE2-4F23-B91F-CE86D1D2C6C5}.Debug|x64.ActiveCfg = Debug|x64
		{A647E57A-5CE2-4F23-B91F-CE86D1D2C6C5}.Debug|x64.Build.0 = Debug|x64
		{A647E57A-5CE2-4F23-B91F-CE86D1D2C6C5}.Debug|x86.ActiveCfg = Debug|x86
		{A647E57A-5CE2-4F23-B91F-CE86D1D2C6C5}.Debug|x86.Build.0 = Debug|x86
		{A647E57A-5CE2-4F23-B91F-CE86D1D2C6C5}.Release|Any CPU.ActiveCfg = Release|x64
		{A647E57A-5CE2-4F23-B91F-CE86D1D2C6C5}.Release|Any CPU.Build.0 = Release|x64
		{A647E57A-5CE2-4F23-B91F-CE86D1D2C6C5}.Release|x64.ActiveCfg = Release|x64
		{A647E57A-5CE2-4F23-B91F-CE86D1D2C6C5}.Release|x64.Build.0 = Release|x64
		{A647E57A-5CE2-4F23-B91F-CE86D1D2C6C5}.Release|x86.ActiveCfg = Release|x86
		{A647E57A-5CE2-4F23-B91F-CE86D1D2C6C5}.Release|x86.Build.0 = Release|x86
		{D7B91B67-D570-4C65-9BED-AF18B9315287}.Debug|Any CPU.ActiveCfg = Debug|x64
		{D7B91B67-D570-4C65-9BED-AF18B9315287}.Debug|Any CPU.Build.0 = Debug|x64
		{D7B91B67-D570-4C65-9BED-AF18B9315287}.Debug|x64.ActiveCfg = Debug|x64
		{D7B91B67-D570-4C65-9BED-AF18B9315287}.Debug|x64.Build.0 = Debug|x64
		{D7B91B67-D570-4C65-9BED-AF18B9315287}.Debug|x86.ActiveCfg = Debug|x86
		{D7B91B67-D570-4C65-9BED-AF18B9315287}.Debug|x86.Build.0 = Debug|x86
		{D7B91B67-D570-4C65-9BED-AF18B9315287}.Release|Any CPU.ActiveCfg = Release|x64
		{D7B91B67-D570-4C65-9BED-AF18B9315287}.Release|Any CPU.Build.0 = Release|x64
		{D7B91B67-D570-4C65-9BED-AF18B9315287}.Release|x64.ActiveCfg = Release|x64
		{D7B91B67-D570-4C65-9BED-AF18B9315287}.Release|x64.Build.0 = Release|x64
		{D7B91B67-D570-4C65-9BED-AF18B9315287}.Release|x86.ActiveCfg = Release|x86
		{D7B91B67-D570-4C65-9BED-AF18B9315287}.Release|x86.Build.0 = Release|x86
		{984F08F1-49D2-438C-82ED-936823804ECA}.Debug|Any CPU.ActiveCfg = Debug|x64
		{984F08F1-49D2-438C-82ED-936823804ECA}.Debug|Any CPU.Build.0 = Debug|x64
		{984F08F1-49D2-438C-82ED-936823804ECA}.Debug|x64.ActiveCfg = Debug|x64
		{984F08F1-49D2-438C-82ED-936823804ECA}.Debug|x64.Build.0 = Debug|x64
		{984F08F1-49D2-438C-82ED-936823804ECA}.Debug|x86.ActiveCfg = Debug|x86
		{984F08F1-49D2-438C-82ED-936823804ECA}.Debug|x86.Build.0 = Debug|x86
		{984F08F1-49D2-438C-82ED-936823804ECA}.Release|Any CPU.ActiveCfg = Release|x64
		{984F08F1-49D2-438C-82ED-936823804ECA}.Release|Any CPU.Build.0 = Release|x64
		{984F08F1-49D2-438C-82ED-936823804ECA}.Release|x64.ActiveCfg = Release|x64
		{984F08F1-49D2-438C-82ED-936823804ECA}.Release|x64.Build.0 = Release|x64
		{984F08F1-49D2-438C-82ED-936823804ECA}.Release|x86.ActiveCfg = Release|x86
		{984F08F1-49D2-438C-82ED-936823804ECA}.Release|x86.Build.0 = Release|x86
	EndGlobalSection
	GlobalSection(SolutionProperties) = preSolution
		HideSolutionNode = FALSE
	EndGlobalSection
	GlobalSection(ExtensibilityGlobals) = postSolution
		SolutionGuid = {CF8264DC-1FD2-40AC-9F48-13314B0BDD80}
	EndGlobalSection
EndGlobal
